[[package]]
name = "black"
version = "22.10.0"
description = "The uncompromising code formatter."
category = "dev"
optional = false
python-versions = ">=3.7"

[package.dependencies]
click = ">=8.0.0"
mypy-extensions = ">=0.4.3"
pathspec = ">=0.9.0"
platformdirs = ">=2"

[package.extras]
colorama = ["colorama (>=0.4.3)"]
d = ["aiohttp (>=3.7.4)"]
jupyter = ["ipython (>=7.8.0)", "tokenize-rt (>=3.2.0)"]
uvloop = ["uvloop (>=0.15.2)"]

[[package]]
name = "cerberus"
version = "1.3.4"
description = "Lightweight, extensible schema and data validation tool for Python dictionaries."
category = "main"
optional = false
python-versions = ">=2.7"

[package.dependencies]
setuptools = "*"

[[package]]
name = "certifi"
version = "2022.9.24"
description = "Python package for providing Mozilla's CA Bundle."
category = "main"
optional = false
python-versions = ">=3.6"

[[package]]
name = "charset-normalizer"
version = "2.1.1"
description = "The Real First Universal Charset Detector. Open, modern and actively maintained alternative to Chardet."
category = "main"
optional = false
python-versions = ">=3.6.0"

[package.extras]
unicode-backport = ["unicodedata2"]

[[package]]
name = "click"
version = "8.1.3"
description = "Composable command line interface toolkit"
category = "main"
optional = false
python-versions = ">=3.7"

[package.dependencies]
colorama = {version = "*", markers = "platform_system == \"Windows\""}

[[package]]
name = "colorama"
version = "0.4.5"
description = "Cross-platform colored terminal text."
category = "main"
optional = false
python-versions = ">=2.7, !=3.0.*, !=3.1.*, !=3.2.*, !=3.3.*, !=3.4.*"

[[package]]
name = "coloredlogs"
version = "15.0.1"
description = "Colored terminal output for Python's logging module"
category = "main"
optional = false
python-versions = ">=2.7, !=3.0.*, !=3.1.*, !=3.2.*, !=3.3.*, !=3.4.*"

[package.dependencies]
humanfriendly = ">=9.1"

[package.extras]
cron = ["capturer (>=2.4)"]

[[package]]
name = "dunamai"
version = "1.13.2"
description = "Dynamic version generation"
category = "main"
optional = false
python-versions = ">=3.5,<4.0"

[package.dependencies]
packaging = ">=20.9"

[[package]]
name = "flask"
version = "2.2.2"
description = "A simple framework for building complex web applications."
category = "main"
optional = false
python-versions = ">=3.7"

[package.dependencies]
click = ">=8.0"
itsdangerous = ">=2.0"
Jinja2 = ">=3.0"
Werkzeug = ">=2.2.2"

[package.extras]
async = ["asgiref (>=3.2)"]
dotenv = ["python-dotenv"]

[[package]]
name = "humanfriendly"
version = "10.0"
description = "Human friendly output for text interfaces using Python"
category = "main"
optional = false
python-versions = ">=2.7, !=3.0.*, !=3.1.*, !=3.2.*, !=3.3.*, !=3.4.*"

[package.dependencies]
pyreadline3 = {version = "*", markers = "sys_platform == \"win32\" and python_version >= \"3.8\""}

[[package]]
name = "humanize"
version = "4.4.0"
description = "Python humanize utilities"
category = "main"
optional = false
python-versions = ">=3.7"

[package.extras]
tests = ["freezegun", "pytest", "pytest-cov"]

[[package]]
name = "idna"
version = "3.4"
description = "Internationalized Domain Names in Applications (IDNA)"
category = "main"
optional = false
python-versions = ">=3.5"

[[package]]
name = "isort"
version = "5.10.1"
description = "A Python utility / library to sort Python imports."
category = "dev"
optional = false
python-versions = ">=3.6.1,<4.0"

[package.extras]
colors = ["colorama (>=0.4.3,<0.5.0)"]
pipfile-deprecated-finder = ["pipreqs", "requirementslib"]
plugins = ["setuptools"]
requirements-deprecated-finder = ["pip-api", "pipreqs"]

[[package]]
name = "itsdangerous"
version = "2.1.2"
description = "Safely pass data to untrusted environments and back."
category = "main"
optional = false
python-versions = ">=3.7"

[[package]]
name = "jinja2"
version = "3.1.2"
description = "A very fast and expressive template engine."
category = "main"
optional = false
python-versions = ">=3.7"

[package.dependencies]
MarkupSafe = ">=2.0"

[package.extras]
i18n = ["Babel (>=2.7)"]

[[package]]
name = "markupsafe"
version = "2.1.1"
description = "Safely add untrusted strings to HTML/XML markup."
category = "main"
optional = false
python-versions = ">=3.7"

[[package]]
name = "mypy-extensions"
version = "0.4.3"
description = "Experimental type system extensions for programs checked with the mypy typechecker."
category = "dev"
optional = false
python-versions = "*"

[[package]]
name = "packaging"
version = "21.3"
description = "Core utilities for Python packages"
category = "main"
optional = false
python-versions = ">=3.6"

[package.dependencies]
pyparsing = ">=2.0.2,<3.0.5 || >3.0.5"

[[package]]
name = "pathspec"
version = "0.10.1"
description = "Utility library for gitignore style pattern matching of file paths."
category = "dev"
optional = false
python-versions = ">=3.7"

[[package]]
name = "platformdirs"
version = "2.5.2"
description = "A small Python module for determining appropriate platform-specific dirs, e.g. a \"user data dir\"."
category = "dev"
optional = false
python-versions = ">=3.7"

[package.extras]
docs = ["furo (>=2021.7.5b38)", "proselint (>=0.10.2)", "sphinx (>=4)", "sphinx-autodoc-typehints (>=1.12)"]
test = ["appdirs (==1.4.4)", "pytest (>=6)", "pytest-cov (>=2.7)", "pytest-mock (>=3.6)"]

[[package]]
name = "protobuf"
version = "3.20.0"
description = "Protocol Buffers"
category = "main"
optional = false
python-versions = ">=3.7"

[[package]]
name = "psutil"
version = "5.9.3"
description = "Cross-platform lib for process and system monitoring in Python."
category = "main"
optional = false
python-versions = ">=2.7, !=3.0.*, !=3.1.*, !=3.2.*, !=3.3.*"

[package.extras]
test = ["enum34", "ipaddress", "mock", "pywin32", "wmi"]

[[package]]
name = "pycryptodomex"
version = "3.15.0"
description = "Cryptographic library for Python"
category = "main"
optional = false
python-versions = ">=2.7, !=3.0.*, !=3.1.*, !=3.2.*, !=3.3.*, !=3.4.*"

[[package]]
name = "pyparsing"
version = "3.0.9"
description = "pyparsing module - Classes and methods to define and execute parsing grammars"
category = "main"
optional = false
python-versions = ">=3.6.8"

[package.extras]
diagrams = ["jinja2", "railroad-diagrams"]

[[package]]
name = "pyreadline3"
version = "3.4.1"
description = "A python implementation of GNU readline."
category = "main"
optional = false
python-versions = "*"

[[package]]
name = "requests"
version = "2.28.1"
description = "Python HTTP for Humans."
category = "main"
optional = false
python-versions = ">=3.7, <4"

[package.dependencies]
certifi = ">=2017.4.17"
charset-normalizer = ">=2,<3"
idna = ">=2.5,<4"
urllib3 = ">=1.21.1,<1.27"

[package.extras]
socks = ["PySocks (>=1.5.6,!=1.5.7)"]
use-chardet-on-py3 = ["chardet (>=3.0.2,<6)"]

[[package]]
name = "setuptools"
version = "65.5.0"
description = "Easily download, build, install, upgrade, and uninstall Python packages"
category = "main"
optional = false
python-versions = ">=3.7"

[package.extras]
docs = ["furo", "jaraco.packaging (>=9)", "jaraco.tidelift (>=1.4)", "pygments-github-lexers (==0.0.5)", "rst.linker (>=1.9)", "sphinx (>=3.5)", "sphinx-favicon", "sphinx-hoverxref (<2)", "sphinx-inline-tabs", "sphinx-notfound-page (==0.8.3)", "sphinx-reredirects", "sphinxcontrib-towncrier"]
testing = ["build[virtualenv]", "filelock (>=3.4.0)", "flake8 (<5)", "flake8-2020", "ini2toml[lite] (>=0.9)", "jaraco.envs (>=2.2)", "jaraco.path (>=3.2.0)", "mock", "pip (>=19.1)", "pip-run (>=8.8)", "pytest (>=6)", "pytest-black (>=0.3.7)", "pytest-checkdocs (>=2.4)", "pytest-cov", "pytest-enabler (>=1.3)", "pytest-flake8", "pytest-mypy (>=0.9.1)", "pytest-perf", "pytest-xdist", "tomli-w (>=1.0.0)", "virtualenv (>=13.0.0)", "wheel"]
testing-integration = ["build[virtualenv]", "filelock (>=3.4.0)", "jaraco.envs (>=2.2)", "jaraco.path (>=3.2.0)", "pytest", "pytest-enabler", "pytest-xdist", "tomli", "virtualenv (>=13.0.0)", "wheel"]

[[package]]
name = "toml"
version = "0.10.2"
description = "Python Library for Tom's Obvious, Minimal Language"
category = "main"
optional = false
python-versions = ">=2.6, !=3.0.*, !=3.1.*, !=3.2.*"

[[package]]
name = "urllib3"
version = "1.26.12"
description = "HTTP library with thread-safe connection pooling, file post, and more."
category = "main"
optional = false
python-versions = ">=2.7, !=3.0.*, !=3.1.*, !=3.2.*, !=3.3.*, !=3.4.*, !=3.5.*, <4"

[package.extras]
brotli = ["brotli (>=1.0.9)", "brotlicffi (>=0.8.0)", "brotlipy (>=0.6.0)"]
secure = ["certifi", "cryptography (>=1.3.4)", "idna (>=2.0.0)", "ipaddress", "pyOpenSSL (>=0.14)", "urllib3-secure-extra"]
socks = ["PySocks (>=1.5.6,!=1.5.7,<2.0)"]

[[package]]
name = "waitress"
version = "2.1.2"
description = "Waitress WSGI server"
category = "main"
optional = false
python-versions = ">=3.7.0"

[package.extras]
docs = ["Sphinx (>=1.8.1)", "docutils", "pylons-sphinx-themes (>=1.0.9)"]
testing = ["coverage (>=5.0)", "pytest", "pytest-cover"]

[[package]]
name = "werkzeug"
version = "2.2.2"
description = "The comprehensive WSGI web application library."
category = "main"
optional = false
python-versions = ">=3.7"

[package.dependencies]
MarkupSafe = ">=2.1.1"

[package.extras]
watchdog = ["watchdog"]

[metadata]
lock-version = "1.1"
python-versions = ">=3.11,<4.0"
content-hash = "1ef3cd7303cf2b3a51e2351c77f49dc5b7249dfd6438c1ba4cd1ce43659abffb"

[metadata.files]
black = [
    {file = "black-22.10.0-1fixedarch-cp310-cp310-macosx_11_0_x86_64.whl", hash = "sha256:5cc42ca67989e9c3cf859e84c2bf014f6633db63d1cbdf8fdb666dcd9e77e3fa"},
    {file = "black-22.10.0-1fixedarch-cp311-cp311-macosx_11_0_x86_64.whl", hash = "sha256:5d8f74030e67087b219b032aa33a919fae8806d49c867846bfacde57f43972ef"},
    {file = "black-22.10.0-1fixedarch-cp37-cp37m-macosx_10_16_x86_64.whl", hash = "sha256:197df8509263b0b8614e1df1756b1dd41be6738eed2ba9e9769f3880c2b9d7b6"},
    {file = "black-22.10.0-1fixedarch-cp38-cp38-macosx_10_16_x86_64.whl", hash = "sha256:2644b5d63633702bc2c5f3754b1b475378fbbfb481f62319388235d0cd104c2d"},
    {file = "black-22.10.0-1fixedarch-cp39-cp39-macosx_11_0_x86_64.whl", hash = "sha256:e41a86c6c650bcecc6633ee3180d80a025db041a8e2398dcc059b3afa8382cd4"},
    {file = "black-22.10.0-cp310-cp310-macosx_11_0_arm64.whl", hash = "sha256:2039230db3c6c639bd84efe3292ec7b06e9214a2992cd9beb293d639c6402edb"},
    {file = "black-22.10.0-cp310-cp310-manylinux_2_17_x86_64.manylinux2014_x86_64.whl", hash = "sha256:14ff67aec0a47c424bc99b71005202045dc09270da44a27848d534600ac64fc7"},
    {file = "black-22.10.0-cp310-cp310-win_amd64.whl", hash = "sha256:819dc789f4498ecc91438a7de64427c73b45035e2e3680c92e18795a839ebb66"},
    {file = "black-22.10.0-cp311-cp311-macosx_11_0_arm64.whl", hash = "sha256:5b9b29da4f564ba8787c119f37d174f2b69cdfdf9015b7d8c5c16121ddc054ae"},
    {file = "black-22.10.0-cp311-cp311-manylinux_2_17_x86_64.manylinux2014_x86_64.whl", hash = "sha256:b8b49776299fece66bffaafe357d929ca9451450f5466e997a7285ab0fe28e3b"},
    {file = "black-22.10.0-cp311-cp311-win_amd64.whl", hash = "sha256:21199526696b8f09c3997e2b4db8d0b108d801a348414264d2eb8eb2532e540d"},
    {file = "black-22.10.0-cp37-cp37m-manylinux_2_17_x86_64.manylinux2014_x86_64.whl", hash = "sha256:1e464456d24e23d11fced2bc8c47ef66d471f845c7b7a42f3bd77bf3d1789650"},
    {file = "black-22.10.0-cp37-cp37m-win_amd64.whl", hash = "sha256:9311e99228ae10023300ecac05be5a296f60d2fd10fff31cf5c1fa4ca4b1988d"},
    {file = "black-22.10.0-cp38-cp38-macosx_11_0_arm64.whl", hash = "sha256:fba8a281e570adafb79f7755ac8721b6cf1bbf691186a287e990c7929c7692ff"},
    {file = "black-22.10.0-cp38-cp38-manylinux_2_17_x86_64.manylinux2014_x86_64.whl", hash = "sha256:915ace4ff03fdfff953962fa672d44be269deb2eaf88499a0f8805221bc68c87"},
    {file = "black-22.10.0-cp38-cp38-win_amd64.whl", hash = "sha256:444ebfb4e441254e87bad00c661fe32df9969b2bf224373a448d8aca2132b395"},
    {file = "black-22.10.0-cp39-cp39-macosx_11_0_arm64.whl", hash = "sha256:974308c58d057a651d182208a484ce80a26dac0caef2895836a92dd6ebd725e0"},
    {file = "black-22.10.0-cp39-cp39-manylinux_2_17_x86_64.manylinux2014_x86_64.whl", hash = "sha256:72ef3925f30e12a184889aac03d77d031056860ccae8a1e519f6cbb742736383"},
    {file = "black-22.10.0-cp39-cp39-win_amd64.whl", hash = "sha256:432247333090c8c5366e69627ccb363bc58514ae3e63f7fc75c54b1ea80fa7de"},
    {file = "black-22.10.0-py3-none-any.whl", hash = "sha256:c957b2b4ea88587b46cf49d1dc17681c1e672864fd7af32fc1e9664d572b3458"},
    {file = "black-22.10.0.tar.gz", hash = "sha256:f513588da599943e0cde4e32cc9879e825d58720d6557062d1098c5ad80080e1"},
]
cerberus = [
    {file = "Cerberus-1.3.4.tar.gz", hash = "sha256:d1b21b3954b2498d9a79edf16b3170a3ac1021df88d197dc2ce5928ba519237c"},
]
certifi = [
    {file = "certifi-2022.9.24-py3-none-any.whl", hash = "sha256:90c1a32f1d68f940488354e36370f6cca89f0f106db09518524c88d6ed83f382"},
    {file = "certifi-2022.9.24.tar.gz", hash = "sha256:0d9c601124e5a6ba9712dbc60d9c53c21e34f5f641fe83002317394311bdce14"},
]
charset-normalizer = [
    {file = "charset-normalizer-2.1.1.tar.gz", hash = "sha256:5a3d016c7c547f69d6f81fb0db9449ce888b418b5b9952cc5e6e66843e9dd845"},
    {file = "charset_normalizer-2.1.1-py3-none-any.whl", hash = "sha256:83e9a75d1911279afd89352c68b45348559d1fc0506b054b346651b5e7fee29f"},
]
click = [
    {file = "click-8.1.3-py3-none-any.whl", hash = "sha256:bb4d8133cb15a609f44e8213d9b391b0809795062913b383c62be0ee95b1db48"},
    {file = "click-8.1.3.tar.gz", hash = "sha256:7682dc8afb30297001674575ea00d1814d808d6a36af415a82bd481d37ba7b8e"},
]
colorama = [
    {file = "colorama-0.4.5-py2.py3-none-any.whl", hash = "sha256:854bf444933e37f5824ae7bfc1e98d5bce2ebe4160d46b5edf346a89358e99da"},
    {file = "colorama-0.4.5.tar.gz", hash = "sha256:e6c6b4334fc50988a639d9b98aa429a0b57da6e17b9a44f0451f930b6967b7a4"},
]
coloredlogs = [
    {file = "coloredlogs-15.0.1-py2.py3-none-any.whl", hash = "sha256:612ee75c546f53e92e70049c9dbfcc18c935a2b9a53b66085ce9ef6a6e5c0934"},
    {file = "coloredlogs-15.0.1.tar.gz", hash = "sha256:7c991aa71a4577af2f82600d8f8f3a89f936baeaf9b50a9c197da014e5bf16b0"},
]
dunamai = [
    {file = "dunamai-1.13.2-py3-none-any.whl", hash = "sha256:d64974271c32d40ad097dceac43e411c87ca9f74d22ce55e03b358fa1adf624d"},
    {file = "dunamai-1.13.2.tar.gz", hash = "sha256:3bb079c1a84b3dd04a20071e6c914308caba125af98bcef537cabed1a628d989"},
]
flask = [
    {file = "Flask-2.2.2-py3-none-any.whl", hash = "sha256:b9c46cc36662a7949f34b52d8ec7bb59c0d74ba08ba6cb9ce9adc1d8676d9526"},
    {file = "Flask-2.2.2.tar.gz", hash = "sha256:642c450d19c4ad482f96729bd2a8f6d32554aa1e231f4f6b4e7e5264b16cca2b"},
]
humanfriendly = [
    {file = "humanfriendly-10.0-py2.py3-none-any.whl", hash = "sha256:1697e1a8a8f550fd43c2865cd84542fc175a61dcb779b6fee18cf6b6ccba1477"},
    {file = "humanfriendly-10.0.tar.gz", hash = "sha256:6b0b831ce8f15f7300721aa49829fc4e83921a9a301cc7f606be6686a2288ddc"},
]
humanize = [
    {file = "humanize-4.4.0-py3-none-any.whl", hash = "sha256:8830ebf2d65d0395c1bd4c79189ad71e023f277c2c7ae00f263124432e6f2ffa"},
    {file = "humanize-4.4.0.tar.gz", hash = "sha256:efb2584565cc86b7ea87a977a15066de34cdedaf341b11c851cfcfd2b964779c"},
]
idna = [
    {file = "idna-3.4-py3-none-any.whl", hash = "sha256:90b77e79eaa3eba6de819a0c442c0b4ceefc341a7a2ab77d7562bf49f425c5c2"},
    {file = "idna-3.4.tar.gz", hash = "sha256:814f528e8dead7d329833b91c5faa87d60bf71824cd12a7530b5526063d02cb4"},
]
isort = [
    {file = "isort-5.10.1-py3-none-any.whl", hash = "sha256:6f62d78e2f89b4500b080fe3a81690850cd254227f27f75c3a0c491a1f351ba7"},
    {file = "isort-5.10.1.tar.gz", hash = "sha256:e8443a5e7a020e9d7f97f1d7d9cd17c88bcb3bc7e218bf9cf5095fe550be2951"},
]
itsdangerous = [
    {file = "itsdangerous-2.1.2-py3-none-any.whl", hash = "sha256:2c2349112351b88699d8d4b6b075022c0808887cb7ad10069318a8b0bc88db44"},
    {file = "itsdangerous-2.1.2.tar.gz", hash = "sha256:5dbbc68b317e5e42f327f9021763545dc3fc3bfe22e6deb96aaf1fc38874156a"},
]
jinja2 = [
    {file = "Jinja2-3.1.2-py3-none-any.whl", hash = "sha256:6088930bfe239f0e6710546ab9c19c9ef35e29792895fed6e6e31a023a182a61"},
    {file = "Jinja2-3.1.2.tar.gz", hash = "sha256:31351a702a408a9e7595a8fc6150fc3f43bb6bf7e319770cbc0db9df9437e852"},
]
markupsafe = [
    {file = "MarkupSafe-2.1.1-cp310-cp310-macosx_10_9_universal2.whl", hash = "sha256:86b1f75c4e7c2ac2ccdaec2b9022845dbb81880ca318bb7a0a01fbf7813e3812"},
    {file = "MarkupSafe-2.1.1-cp310-cp310-macosx_10_9_x86_64.whl", hash = "sha256:f121a1420d4e173a5d96e47e9a0c0dcff965afdf1626d28de1460815f7c4ee7a"},
    {file = "MarkupSafe-2.1.1-cp310-cp310-manylinux_2_17_aarch64.manylinux2014_aarch64.whl", hash = "sha256:a49907dd8420c5685cfa064a1335b6754b74541bbb3706c259c02ed65b644b3e"},
    {file = "MarkupSafe-2.1.1-cp310-cp310-manylinux_2_17_x86_64.manylinux2014_x86_64.whl", hash = "sha256:10c1bfff05d95783da83491be968e8fe789263689c02724e0c691933c52994f5"},
    {file = "MarkupSafe-2.1.1-cp310-cp310-manylinux_2_5_i686.manylinux1_i686.manylinux_2_17_i686.manylinux2014_i686.whl", hash = "sha256:b7bd98b796e2b6553da7225aeb61f447f80a1ca64f41d83612e6139ca5213aa4"},
    {file = "MarkupSafe-2.1.1-cp310-cp310-musllinux_1_1_aarch64.whl", hash = "sha256:b09bf97215625a311f669476f44b8b318b075847b49316d3e28c08e41a7a573f"},
    {file = "MarkupSafe-2.1.1-cp310-cp310-musllinux_1_1_i686.whl", hash = "sha256:694deca8d702d5db21ec83983ce0bb4b26a578e71fbdbd4fdcd387daa90e4d5e"},
    {file = "MarkupSafe-2.1.1-cp310-cp310-musllinux_1_1_x86_64.whl", hash = "sha256:efc1913fd2ca4f334418481c7e595c00aad186563bbc1ec76067848c7ca0a933"},
    {file = "MarkupSafe-2.1.1-cp310-cp310-win32.whl", hash = "sha256:4a33dea2b688b3190ee12bd7cfa29d39c9ed176bda40bfa11099a3ce5d3a7ac6"},
    {file = "MarkupSafe-2.1.1-cp310-cp310-win_amd64.whl", hash = "sha256:dda30ba7e87fbbb7eab1ec9f58678558fd9a6b8b853530e176eabd064da81417"},
    {file = "MarkupSafe-2.1.1-cp37-cp37m-macosx_10_9_x86_64.whl", hash = "sha256:671cd1187ed5e62818414afe79ed29da836dde67166a9fac6d435873c44fdd02"},
    {file = "MarkupSafe-2.1.1-cp37-cp37m-manylinux_2_17_aarch64.manylinux2014_aarch64.whl", hash = "sha256:3799351e2336dc91ea70b034983ee71cf2f9533cdff7c14c90ea126bfd95d65a"},
    {file = "MarkupSafe-2.1.1-cp37-cp37m-manylinux_2_17_x86_64.manylinux2014_x86_64.whl", hash = "sha256:e72591e9ecd94d7feb70c1cbd7be7b3ebea3f548870aa91e2732960fa4d57a37"},
    {file = "MarkupSafe-2.1.1-cp37-cp37m-manylinux_2_5_i686.manylinux1_i686.manylinux_2_17_i686.manylinux2014_i686.whl", hash = "sha256:6fbf47b5d3728c6aea2abb0589b5d30459e369baa772e0f37a0320185e87c980"},
    {file = "MarkupSafe-2.1.1-cp37-cp37m-musllinux_1_1_aarch64.whl", hash = "sha256:d5ee4f386140395a2c818d149221149c54849dfcfcb9f1debfe07a8b8bd63f9a"},
    {file = "MarkupSafe-2.1.1-cp37-cp37m-musllinux_1_1_i686.whl", hash = "sha256:bcb3ed405ed3222f9904899563d6fc492ff75cce56cba05e32eff40e6acbeaa3"},
    {file = "MarkupSafe-2.1.1-cp37-cp37m-musllinux_1_1_x86_64.whl", hash = "sha256:e1c0b87e09fa55a220f058d1d49d3fb8df88fbfab58558f1198e08c1e1de842a"},
    {file = "MarkupSafe-2.1.1-cp37-cp37m-win32.whl", hash = "sha256:8dc1c72a69aa7e082593c4a203dcf94ddb74bb5c8a731e4e1eb68d031e8498ff"},
    {file = "MarkupSafe-2.1.1-cp37-cp37m-win_amd64.whl", hash = "sha256:97a68e6ada378df82bc9f16b800ab77cbf4b2fada0081794318520138c088e4a"},
    {file = "MarkupSafe-2.1.1-cp38-cp38-macosx_10_9_universal2.whl", hash = "sha256:e8c843bbcda3a2f1e3c2ab25913c80a3c5376cd00c6e8c4a86a89a28c8dc5452"},
    {file = "MarkupSafe-2.1.1-cp38-cp38-macosx_10_9_x86_64.whl", hash = "sha256:0212a68688482dc52b2d45013df70d169f542b7394fc744c02a57374a4207003"},
    {file = "MarkupSafe-2.1.1-cp38-cp38-manylinux_2_17_aarch64.manylinux2014_aarch64.whl", hash = "sha256:8e576a51ad59e4bfaac456023a78f6b5e6e7651dcd383bcc3e18d06f9b55d6d1"},
    {file = "MarkupSafe-2.1.1-cp38-cp38-manylinux_2_17_x86_64.manylinux2014_x86_64.whl", hash = "sha256:4b9fe39a2ccc108a4accc2676e77da025ce383c108593d65cc909add5c3bd601"},
    {file = "MarkupSafe-2.1.1-cp38-cp38-manylinux_2_5_i686.manylinux1_i686.manylinux_2_17_i686.manylinux2014_i686.whl", hash = "sha256:96e37a3dc86e80bf81758c152fe66dbf60ed5eca3d26305edf01892257049925"},
    {file = "MarkupSafe-2.1.1-cp38-cp38-musllinux_1_1_aarch64.whl", hash = "sha256:6d0072fea50feec76a4c418096652f2c3238eaa014b2f94aeb1d56a66b41403f"},
    {file = "MarkupSafe-2.1.1-cp38-cp38-musllinux_1_1_i686.whl", hash = "sha256:089cf3dbf0cd6c100f02945abeb18484bd1ee57a079aefd52cffd17fba910b88"},
    {file = "MarkupSafe-2.1.1-cp38-cp38-musllinux_1_1_x86_64.whl", hash = "sha256:6a074d34ee7a5ce3effbc526b7083ec9731bb3cbf921bbe1d3005d4d2bdb3a63"},
    {file = "MarkupSafe-2.1.1-cp38-cp38-win32.whl", hash = "sha256:421be9fbf0ffe9ffd7a378aafebbf6f4602d564d34be190fc19a193232fd12b1"},
    {file = "MarkupSafe-2.1.1-cp38-cp38-win_amd64.whl", hash = "sha256:fc7b548b17d238737688817ab67deebb30e8073c95749d55538ed473130ec0c7"},
    {file = "MarkupSafe-2.1.1-cp39-cp39-macosx_10_9_universal2.whl", hash = "sha256:e04e26803c9c3851c931eac40c695602c6295b8d432cbe78609649ad9bd2da8a"},
    {file = "MarkupSafe-2.1.1-cp39-cp39-macosx_10_9_x86_64.whl", hash = "sha256:b87db4360013327109564f0e591bd2a3b318547bcef31b468a92ee504d07ae4f"},
    {file = "MarkupSafe-2.1.1-cp39-cp39-manylinux_2_17_aarch64.manylinux2014_aarch64.whl", hash = "sha256:99a2a507ed3ac881b975a2976d59f38c19386d128e7a9a18b7df6fff1fd4c1d6"},
    {file = "MarkupSafe-2.1.1-cp39-cp39-manylinux_2_17_x86_64.manylinux2014_x86_64.whl", hash = "sha256:56442863ed2b06d19c37f94d999035e15ee982988920e12a5b4ba29b62ad1f77"},
    {file = "MarkupSafe-2.1.1-cp39-cp39-manylinux_2_5_i686.manylinux1_i686.manylinux_2_17_i686.manylinux2014_i686.whl", hash = "sha256:3ce11ee3f23f79dbd06fb3d63e2f6af7b12db1d46932fe7bd8afa259a5996603"},
    {file = "MarkupSafe-2.1.1-cp39-cp39-musllinux_1_1_aarch64.whl", hash = "sha256:33b74d289bd2f5e527beadcaa3f401e0df0a89927c1559c8566c066fa4248ab7"},
    {file = "MarkupSafe-2.1.1-cp39-cp39-musllinux_1_1_i686.whl", hash = "sha256:43093fb83d8343aac0b1baa75516da6092f58f41200907ef92448ecab8825135"},
    {file = "MarkupSafe-2.1.1-cp39-cp39-musllinux_1_1_x86_64.whl", hash = "sha256:8e3dcf21f367459434c18e71b2a9532d96547aef8a871872a5bd69a715c15f96"},
    {file = "MarkupSafe-2.1.1-cp39-cp39-win32.whl", hash = "sha256:d4306c36ca495956b6d568d276ac11fdd9c30a36f1b6eb928070dc5360b22e1c"},
    {file = "MarkupSafe-2.1.1-cp39-cp39-win_amd64.whl", hash = "sha256:46d00d6cfecdde84d40e572d63735ef81423ad31184100411e6e3388d405e247"},
    {file = "MarkupSafe-2.1.1.tar.gz", hash = "sha256:7f91197cc9e48f989d12e4e6fbc46495c446636dfc81b9ccf50bb0ec74b91d4b"},
]
mypy-extensions = [
    {file = "mypy_extensions-0.4.3-py2.py3-none-any.whl", hash = "sha256:090fedd75945a69ae91ce1303b5824f428daf5a028d2f6ab8a299250a846f15d"},
    {file = "mypy_extensions-0.4.3.tar.gz", hash = "sha256:2d82818f5bb3e369420cb3c4060a7970edba416647068eb4c5343488a6c604a8"},
]
packaging = [
    {file = "packaging-21.3-py3-none-any.whl", hash = "sha256:ef103e05f519cdc783ae24ea4e2e0f508a9c99b2d4969652eed6a2e1ea5bd522"},
    {file = "packaging-21.3.tar.gz", hash = "sha256:dd47c42927d89ab911e606518907cc2d3a1f38bbd026385970643f9c5b8ecfeb"},
]
pathspec = [
    {file = "pathspec-0.10.1-py3-none-any.whl", hash = "sha256:46846318467efc4556ccfd27816e004270a9eeeeb4d062ce5e6fc7a87c573f93"},
    {file = "pathspec-0.10.1.tar.gz", hash = "sha256:7ace6161b621d31e7902eb6b5ae148d12cfd23f4a249b9ffb6b9fee12084323d"},
]
platformdirs = [
    {file = "platformdirs-2.5.2-py3-none-any.whl", hash = "sha256:027d8e83a2d7de06bbac4e5ef7e023c02b863d7ea5d079477e722bb41ab25788"},
    {file = "platformdirs-2.5.2.tar.gz", hash = "sha256:58c8abb07dcb441e6ee4b11d8df0ac856038f944ab98b7be6b27b2a3c7feef19"},
]
protobuf = [
    {file = "protobuf-3.20.0-cp310-cp310-macosx_10_9_universal2.whl", hash = "sha256:9d0f3aca8ca51c8b5e204ab92bd8afdb2a8e3df46bd0ce0bd39065d79aabcaa4"},
    {file = "protobuf-3.20.0-cp310-cp310-manylinux2014_aarch64.whl", hash = "sha256:001c2160c03b6349c04de39cf1a58e342750da3632f6978a1634a3dcca1ec10e"},
    {file = "protobuf-3.20.0-cp310-cp310-manylinux_2_12_x86_64.manylinux2010_x86_64.whl", hash = "sha256:5b5860b790498f233cdc8d635a17fc08de62e59d4dcd8cdb6c6c0d38a31edf2b"},
    {file = "protobuf-3.20.0-cp310-cp310-win32.whl", hash = "sha256:0b250c60256c8824219352dc2a228a6b49987e5bf94d3ffcf4c46585efcbd499"},
    {file = "protobuf-3.20.0-cp310-cp310-win_amd64.whl", hash = "sha256:a1eebb6eb0653e594cb86cd8e536b9b083373fca9aba761ade6cd412d46fb2ab"},
    {file = "protobuf-3.20.0-cp36-cp36m-macosx_10_9_x86_64.whl", hash = "sha256:bc14037281db66aa60856cd4ce4541a942040686d290e3f3224dd3978f88f554"},
    {file = "protobuf-3.20.0-cp36-cp36m-manylinux_2_5_x86_64.manylinux1_x86_64.whl", hash = "sha256:47257d932de14a7b6c4ae1b7dbf592388153ee35ec7cae216b87ae6490ed39a3"},
    {file = "protobuf-3.20.0-cp37-cp37m-macosx_10_9_x86_64.whl", hash = "sha256:fbcbb068ebe67c4ff6483d2e2aa87079c325f8470b24b098d6bf7d4d21d57a69"},
    {file = "protobuf-3.20.0-cp37-cp37m-manylinux2014_aarch64.whl", hash = "sha256:542f25a4adf3691a306dcc00bf9a73176554938ec9b98f20f929a044f80acf1b"},
    {file = "protobuf-3.20.0-cp37-cp37m-manylinux_2_5_x86_64.manylinux1_x86_64.whl", hash = "sha256:fd7133b885e356fa4920ead8289bb45dc6f185a164e99e10279f33732ed5ce15"},
    {file = "protobuf-3.20.0-cp37-cp37m-win32.whl", hash = "sha256:8d84453422312f8275455d1cb52d850d6a4d7d714b784e41b573c6f5bfc2a029"},
    {file = "protobuf-3.20.0-cp37-cp37m-win_amd64.whl", hash = "sha256:52bae32a147c375522ce09bd6af4d2949aca32a0415bc62df1456b3ad17c6001"},
    {file = "protobuf-3.20.0-cp38-cp38-macosx_10_9_x86_64.whl", hash = "sha256:25d2fcd6eef340082718ec9ad2c58d734429f2b1f7335d989523852f2bba220b"},
    {file = "protobuf-3.20.0-cp38-cp38-manylinux2014_aarch64.whl", hash = "sha256:88c8be0558bdfc35e68c42ae5bf785eb9390d25915d4863bbc7583d23da77074"},
    {file = "protobuf-3.20.0-cp38-cp38-manylinux_2_5_x86_64.manylinux1_x86_64.whl", hash = "sha256:38fd9eb74b852e4ee14b16e9670cd401d147ee3f3ec0d4f7652e0c921d6227f8"},
    {file = "protobuf-3.20.0-cp38-cp38-win32.whl", hash = "sha256:7dcd84dc31ebb35ade755e06d1561d1bd3b85e85dbdbf6278011fc97b22810db"},
    {file = "protobuf-3.20.0-cp38-cp38-win_amd64.whl", hash = "sha256:1eb13f5a5a59ca4973bcfa2fc8fff644bd39f2109c3f7a60bd5860cb6a49b679"},
    {file = "protobuf-3.20.0-cp39-cp39-macosx_10_9_x86_64.whl", hash = "sha256:1d24c81c2310f0063b8fc1c20c8ed01f3331be9374b4b5c2de846f69e11e21fb"},
    {file = "protobuf-3.20.0-cp39-cp39-manylinux2014_aarch64.whl", hash = "sha256:8be43a91ab66fe995e85ccdbdd1046d9f0443d59e060c0840319290de25b7d33"},
    {file = "protobuf-3.20.0-cp39-cp39-manylinux_2_5_x86_64.manylinux1_x86_64.whl", hash = "sha256:7a53d4035427b9dbfbb397f46642754d294f131e93c661d056366f2a31438263"},
    {file = "protobuf-3.20.0-cp39-cp39-win32.whl", hash = "sha256:32bf4a90c207a0b4e70ca6dd09d43de3cb9898f7d5b69c2e9e3b966a7f342820"},
    {file = "protobuf-3.20.0-cp39-cp39-win_amd64.whl", hash = "sha256:6efe066a7135233f97ce51a1aa007d4fb0be28ef093b4f88dac4ad1b3a2b7b6f"},
    {file = "protobuf-3.20.0-py2.py3-none-any.whl", hash = "sha256:4eda68bd9e2a4879385e6b1ea528c976f59cd9728382005cc54c28bcce8db983"},
    {file = "protobuf-3.20.0.tar.gz", hash = "sha256:71b2c3d1cd26ed1ec7c8196834143258b2ad7f444efff26fdc366c6f5e752702"},
]
psutil = [
    {file = "psutil-5.9.3-cp27-cp27m-macosx_10_9_x86_64.whl", hash = "sha256:b4a247cd3feaae39bb6085fcebf35b3b8ecd9b022db796d89c8f05067ca28e71"},
    {file = "psutil-5.9.3-cp27-cp27m-manylinux2010_i686.whl", hash = "sha256:5fa88e3d5d0b480602553d362c4b33a63e0c40bfea7312a7bf78799e01e0810b"},
    {file = "psutil-5.9.3-cp27-cp27m-manylinux2010_x86_64.whl", hash = "sha256:767ef4fa33acda16703725c0473a91e1832d296c37c63896c7153ba81698f1ab"},
    {file = "psutil-5.9.3-cp27-cp27m-win32.whl", hash = "sha256:9a4af6ed1094f867834f5f07acd1250605a0874169a5fcadbcec864aec2496a6"},
    {file = "psutil-5.9.3-cp27-cp27m-win_amd64.whl", hash = "sha256:fa5e32c7d9b60b2528108ade2929b115167fe98d59f89555574715054f50fa31"},
    {file = "psutil-5.9.3-cp27-cp27mu-manylinux2010_i686.whl", hash = "sha256:fe79b4ad4836e3da6c4650cb85a663b3a51aef22e1a829c384e18fae87e5e727"},
    {file = "psutil-5.9.3-cp27-cp27mu-manylinux2010_x86_64.whl", hash = "sha256:db8e62016add2235cc87fb7ea000ede9e4ca0aa1f221b40cef049d02d5d2593d"},
    {file = "psutil-5.9.3-cp310-cp310-macosx_10_9_x86_64.whl", hash = "sha256:941a6c2c591da455d760121b44097781bc970be40e0e43081b9139da485ad5b7"},
    {file = "psutil-5.9.3-cp310-cp310-macosx_11_0_arm64.whl", hash = "sha256:71b1206e7909792d16933a0d2c1c7f04ae196186c51ba8567abae1d041f06dcb"},
    {file = "psutil-5.9.3-cp310-cp310-manylinux_2_12_i686.manylinux2010_i686.manylinux_2_17_i686.manylinux2014_i686.whl", hash = "sha256:f57d63a2b5beaf797b87024d018772439f9d3103a395627b77d17a8d72009543"},
    {file = "psutil-5.9.3-cp310-cp310-manylinux_2_12_x86_64.manylinux2010_x86_64.manylinux_2_17_x86_64.manylinux2014_x86_64.whl", hash = "sha256:e7507f6c7b0262d3e7b0eeda15045bf5881f4ada70473b87bc7b7c93b992a7d7"},
    {file = "psutil-5.9.3-cp310-cp310-win32.whl", hash = "sha256:1b540599481c73408f6b392cdffef5b01e8ff7a2ac8caae0a91b8222e88e8f1e"},
    {file = "psutil-5.9.3-cp310-cp310-win_amd64.whl", hash = "sha256:547ebb02031fdada635452250ff39942db8310b5c4a8102dfe9384ee5791e650"},
    {file = "psutil-5.9.3-cp36-cp36m-macosx_10_9_x86_64.whl", hash = "sha256:d8c3cc6bb76492133474e130a12351a325336c01c96a24aae731abf5a47fe088"},
    {file = "psutil-5.9.3-cp36-cp36m-manylinux_2_12_i686.manylinux2010_i686.manylinux_2_17_i686.manylinux2014_i686.whl", hash = "sha256:07d880053c6461c9b89cd5d4808f3b8336665fa3acdefd6777662c5ed73a851a"},
    {file = "psutil-5.9.3-cp36-cp36m-manylinux_2_12_x86_64.manylinux2010_x86_64.manylinux_2_17_x86_64.manylinux2014_x86_64.whl", hash = "sha256:5e8b50241dd3c2ed498507f87a6602825073c07f3b7e9560c58411c14fe1e1c9"},
    {file = "psutil-5.9.3-cp36-cp36m-win32.whl", hash = "sha256:828c9dc9478b34ab96be75c81942d8df0c2bb49edbb481f597314d92b6441d89"},
    {file = "psutil-5.9.3-cp36-cp36m-win_amd64.whl", hash = "sha256:ed15edb14f52925869250b1375f0ff58ca5c4fa8adefe4883cfb0737d32f5c02"},
    {file = "psutil-5.9.3-cp37-cp37m-macosx_10_9_x86_64.whl", hash = "sha256:d266cd05bd4a95ca1c2b9b5aac50d249cf7c94a542f47e0b22928ddf8b80d1ef"},
    {file = "psutil-5.9.3-cp37-cp37m-manylinux_2_12_i686.manylinux2010_i686.manylinux_2_17_i686.manylinux2014_i686.whl", hash = "sha256:7e4939ff75149b67aef77980409f156f0082fa36accc475d45c705bb00c6c16a"},
    {file = "psutil-5.9.3-cp37-cp37m-manylinux_2_12_x86_64.manylinux2010_x86_64.manylinux_2_17_x86_64.manylinux2014_x86_64.whl", hash = "sha256:68fa227c32240c52982cb931801c5707a7f96dd8927f9102d6c7771ea1ff5698"},
    {file = "psutil-5.9.3-cp37-cp37m-win32.whl", hash = "sha256:beb57d8a1ca0ae0eb3d08ccaceb77e1a6d93606f0e1754f0d60a6ebd5c288837"},
    {file = "psutil-5.9.3-cp37-cp37m-win_amd64.whl", hash = "sha256:12500d761ac091f2426567f19f95fd3f15a197d96befb44a5c1e3cbe6db5752c"},
    {file = "psutil-5.9.3-cp38-cp38-macosx_10_9_x86_64.whl", hash = "sha256:ba38cf9984d5462b506e239cf4bc24e84ead4b1d71a3be35e66dad0d13ded7c1"},
    {file = "psutil-5.9.3-cp38-cp38-macosx_11_0_arm64.whl", hash = "sha256:46907fa62acaac364fff0b8a9da7b360265d217e4fdeaca0a2397a6883dffba2"},
    {file = "psutil-5.9.3-cp38-cp38-manylinux_2_12_i686.manylinux2010_i686.manylinux_2_17_i686.manylinux2014_i686.whl", hash = "sha256:a04a1836894c8279e5e0a0127c0db8e198ca133d28be8a2a72b4db16f6cf99c1"},
    {file = "psutil-5.9.3-cp38-cp38-manylinux_2_12_x86_64.manylinux2010_x86_64.manylinux_2_17_x86_64.manylinux2014_x86_64.whl", hash = "sha256:8a4e07611997acf178ad13b842377e3d8e9d0a5bac43ece9bfc22a96735d9a4f"},
    {file = "psutil-5.9.3-cp38-cp38-win32.whl", hash = "sha256:6ced1ad823ecfa7d3ce26fe8aa4996e2e53fb49b7fed8ad81c80958501ec0619"},
    {file = "psutil-5.9.3-cp38-cp38-win_amd64.whl", hash = "sha256:35feafe232d1aaf35d51bd42790cbccb882456f9f18cdc411532902370d660df"},
    {file = "psutil-5.9.3-cp39-cp39-macosx_10_9_x86_64.whl", hash = "sha256:538fcf6ae856b5e12d13d7da25ad67f02113c96f5989e6ad44422cb5994ca7fc"},
    {file = "psutil-5.9.3-cp39-cp39-macosx_11_0_arm64.whl", hash = "sha256:a3d81165b8474087bb90ec4f333a638ccfd1d69d34a9b4a1a7eaac06648f9fbe"},
    {file = "psutil-5.9.3-cp39-cp39-manylinux_2_12_i686.manylinux2010_i686.manylinux_2_17_i686.manylinux2014_i686.whl", hash = "sha256:3a7826e68b0cf4ce2c1ee385d64eab7d70e3133171376cac53d7c1790357ec8f"},
    {file = "psutil-5.9.3-cp39-cp39-manylinux_2_12_x86_64.manylinux2010_x86_64.manylinux_2_17_x86_64.manylinux2014_x86_64.whl", hash = "sha256:9ec296f565191f89c48f33d9544d8d82b0d2af7dd7d2d4e6319f27a818f8d1cc"},
    {file = "psutil-5.9.3-cp39-cp39-win32.whl", hash = "sha256:9ec95df684583b5596c82bb380c53a603bb051cf019d5c849c47e117c5064395"},
    {file = "psutil-5.9.3-cp39-cp39-win_amd64.whl", hash = "sha256:4bd4854f0c83aa84a5a40d3b5d0eb1f3c128f4146371e03baed4589fe4f3c931"},
    {file = "psutil-5.9.3.tar.gz", hash = "sha256:7ccfcdfea4fc4b0a02ca2c31de7fcd186beb9cff8207800e14ab66f79c773af6"},
]
pycryptodomex = [
    {file = "pycryptodomex-3.15.0-cp27-cp27m-macosx_10_9_x86_64.whl", hash = "sha256:6f5b6ba8aefd624834bc177a2ac292734996bb030f9d1b388e7504103b6fcddf"},
    {file = "pycryptodomex-3.15.0-cp27-cp27m-manylinux1_i686.whl", hash = "sha256:4540904c09704b6f831059c0dfb38584acb82cb97b0125cd52688c1f1e3fffa6"},
    {file = "pycryptodomex-3.15.0-cp27-cp27m-manylinux1_x86_64.whl", hash = "sha256:0fadb9f7fa3150577800eef35f62a8a24b9ddf1563ff060d9bd3af22d3952c8c"},
    {file = "pycryptodomex-3.15.0-cp27-cp27m-manylinux2010_i686.whl", hash = "sha256:fc9bc7a9b79fe5c750fc81a307052f8daabb709bdaabb0fb18fb136b66b653b5"},
    {file = "pycryptodomex-3.15.0-cp27-cp27m-manylinux2010_x86_64.whl", hash = "sha256:f8be976cec59b11f011f790b88aca67b4ea2bd286578d0bd3e31bcd19afcd3e4"},
    {file = "pycryptodomex-3.15.0-cp27-cp27m-manylinux2014_aarch64.whl", hash = "sha256:78d9621cf0ea35abf2d38fa2ca6d0634eab6c991a78373498ab149953787e5e5"},
    {file = "pycryptodomex-3.15.0-cp27-cp27m-win32.whl", hash = "sha256:b6306403228edde6e289f626a3908a2f7f67c344e712cf7c0a508bab3ad9e381"},
    {file = "pycryptodomex-3.15.0-cp27-cp27m-win_amd64.whl", hash = "sha256:48697790203909fab02a33226fda546604f4e2653f9d47bc5d3eb40879fa7c64"},
    {file = "pycryptodomex-3.15.0-cp27-cp27mu-manylinux1_i686.whl", hash = "sha256:18e2ab4813883ae63396c0ffe50b13554b32bb69ec56f0afaf052e7a7ae0d55b"},
    {file = "pycryptodomex-3.15.0-cp27-cp27mu-manylinux1_x86_64.whl", hash = "sha256:3709f13ca3852b0b07fc04a2c03b379189232b24007c466be0f605dd4723e9d4"},
    {file = "pycryptodomex-3.15.0-cp27-cp27mu-manylinux2010_i686.whl", hash = "sha256:191e73bc84a8064ad1874dba0ebadedd7cce4dedee998549518f2c74a003b2e1"},
    {file = "pycryptodomex-3.15.0-cp27-cp27mu-manylinux2010_x86_64.whl", hash = "sha256:e3164a18348bd53c69b4435ebfb4ac8a4076291ffa2a70b54f0c4b80c7834b1d"},
    {file = "pycryptodomex-3.15.0-cp27-cp27mu-manylinux2014_aarch64.whl", hash = "sha256:5676a132169a1c1a3712edf25250722ebc8c9102aa9abd814df063ca8362454f"},
    {file = "pycryptodomex-3.15.0-cp35-abi3-macosx_10_9_x86_64.whl", hash = "sha256:e2b12968522a0358b8917fc7b28865acac002f02f4c4c6020fcb264d76bfd06d"},
    {file = "pycryptodomex-3.15.0-cp35-abi3-manylinux1_i686.whl", hash = "sha256:e47bf8776a7e15576887f04314f5228c6527b99946e6638cf2f16da56d260cab"},
    {file = "pycryptodomex-3.15.0-cp35-abi3-manylinux1_x86_64.whl", hash = "sha256:996e1ba717077ce1e6d4849af7a1426f38b07b3d173b879e27d5e26d2e958beb"},
    {file = "pycryptodomex-3.15.0-cp35-abi3-manylinux2010_i686.whl", hash = "sha256:65204412d0c6a8e3c41e21e93a5e6054a74fea501afa03046a388cf042e3377a"},
    {file = "pycryptodomex-3.15.0-cp35-abi3-manylinux2010_x86_64.whl", hash = "sha256:dd452a5af7014e866206d41751886c9b4bf379a339fdf2dbfc7dd16c0fb4f8e0"},
    {file = "pycryptodomex-3.15.0-cp35-abi3-manylinux2014_aarch64.whl", hash = "sha256:b9279adc16e4b0f590ceff581f53a80179b02cba9056010d733eb4196134a870"},
    {file = "pycryptodomex-3.15.0-cp35-abi3-win32.whl", hash = "sha256:46b3f05f2f7ac7841053da4e0f69616929ca3c42f238c405f6c3df7759ad2780"},
    {file = "pycryptodomex-3.15.0-cp35-abi3-win_amd64.whl", hash = "sha256:8eecdf9cdc7343001d047f951b9cc805cd68cb6cd77b20ea46af5bffc5bd3dfb"},
    {file = "pycryptodomex-3.15.0-pp27-pypy_73-macosx_10_9_x86_64.whl", hash = "sha256:67e1e6a92151023ccdfcfbc0afb3314ad30080793b4c27956ea06ab1fb9bcd8a"},
    {file = "pycryptodomex-3.15.0-pp27-pypy_73-manylinux1_x86_64.whl", hash = "sha256:c4cb9cb492ea7dcdf222a8d19a1d09002798ea516aeae8877245206d27326d86"},
    {file = "pycryptodomex-3.15.0-pp27-pypy_73-manylinux2010_x86_64.whl", hash = "sha256:94c7b60e1f52e1a87715571327baea0733708ab4723346598beca4a3b6879794"},
    {file = "pycryptodomex-3.15.0-pp27-pypy_73-win32.whl", hash = "sha256:04cc393045a8f19dd110c975e30f38ed7ab3faf21ede415ea67afebd95a22380"},
    {file = "pycryptodomex-3.15.0-pp36-pypy36_pp73-macosx_10_9_x86_64.whl", hash = "sha256:0776bfaf2c48154ab54ea45392847c1283d2fcf64e232e85565f858baedfc1fa"},
    {file = "pycryptodomex-3.15.0-pp36-pypy36_pp73-manylinux1_x86_64.whl", hash = "sha256:463119d7d22d0fc04a0f9122e9d3e6121c6648bcb12a052b51bd1eed1b996aa2"},
    {file = "pycryptodomex-3.15.0-pp36-pypy36_pp73-manylinux2010_x86_64.whl", hash = "sha256:a07a64709e366c2041cd5cfbca592b43998bf4df88f7b0ca73dca37071ccf1bd"},
    {file = "pycryptodomex-3.15.0-pp36-pypy36_pp73-win32.whl", hash = "sha256:35a8f7afe1867118330e2e0e0bf759c409e28557fb1fc2fbb1c6c937297dbe9a"},
    {file = "pycryptodomex-3.15.0.tar.gz", hash = "sha256:7341f1bb2dadb0d1a0047f34c3a58208a92423cdbd3244d998e4b28df5eac0ed"},
]
pyparsing = [
    {file = "pyparsing-3.0.9-py3-none-any.whl", hash = "sha256:5026bae9a10eeaefb61dab2f09052b9f4307d44aee4eda64b309723d8d206bbc"},
    {file = "pyparsing-3.0.9.tar.gz", hash = "sha256:2b020ecf7d21b687f219b71ecad3631f644a47f01403fa1d1036b0c6416d70fb"},
]
pyreadline3 = [
    {file = "pyreadline3-3.4.1-py3-none-any.whl", hash = "sha256:b0efb6516fd4fb07b45949053826a62fa4cb353db5be2bbb4a7aa1fdd1e345fb"},
    {file = "pyreadline3-3.4.1.tar.gz", hash = "sha256:6f3d1f7b8a31ba32b73917cefc1f28cc660562f39aea8646d30bd6eff21f7bae"},
]
requests = [
    {file = "requests-2.28.1-py3-none-any.whl", hash = "sha256:8fefa2a1a1365bf5520aac41836fbee479da67864514bdb821f31ce07ce65349"},
    {file = "requests-2.28.1.tar.gz", hash = "sha256:7c5599b102feddaa661c826c56ab4fee28bfd17f5abca1ebbe3e7f19d7c97983"},
]
setuptools = [
    {file = "setuptools-65.5.0-py3-none-any.whl", hash = "sha256:f62ea9da9ed6289bfe868cd6845968a2c854d1427f8548d52cae02a42b4f0356"},
    {file = "setuptools-65.5.0.tar.gz", hash = "sha256:512e5536220e38146176efb833d4a62aa726b7bbff82cfbc8ba9eaa3996e0b17"},
]
toml = [
    {file = "toml-0.10.2-py2.py3-none-any.whl", hash = "sha256:806143ae5bfb6a3c6e736a764057db0e6a0e05e338b5630894a5f779cabb4f9b"},
    {file = "toml-0.10.2.tar.gz", hash = "sha256:b3bda1d108d5dd99f4a20d24d9c348e91c4db7ab1b749200bded2f839ccbe68f"},
]
urllib3 = [
    {file = "urllib3-1.26.12-py2.py3-none-any.whl", hash = "sha256:b930dd878d5a8afb066a637fbb35144fe7901e3b209d1cd4f524bd0e9deee997"},
    {file = "urllib3-1.26.12.tar.gz", hash = "sha256:3fa96cf423e6987997fc326ae8df396db2a8b7c667747d47ddd8ecba91f4a74e"},
]
waitress = [
    {file = "waitress-2.1.2-py3-none-any.whl", hash = "sha256:7500c9625927c8ec60f54377d590f67b30c8e70ef4b8894214ac6e4cad233d2a"},
    {file = "waitress-2.1.2.tar.gz", hash = "sha256:780a4082c5fbc0fde6a2fcfe5e26e6efc1e8f425730863c04085769781f51eba"},
]
werkzeug = [
    {file = "Werkzeug-2.2.2-py3-none-any.whl", hash = "sha256:f979ab81f58d7318e064e99c4506445d60135ac5cd2e177a2de0089bfd4c9bd5"},
    {file = "Werkzeug-2.2.2.tar.gz", hash = "sha256:7ea2d48322cc7c0f8b3a215ed73eabd7b5d75d0b50e31ab006286ccff9e00b8f"},
]
